
Microsoft Visual Studio Solution File, Format Version 12.00
# Visual Studio 14
VisualStudioVersion = 14.0.25420.1
MinimumVisualStudioVersion = 10.0.40219.1
Project("{FAE04EC0-301F-11D3-BF4B-00C04F79EFBC}") = "Homework6", "Homework6\Homework6.csproj", "{FBC98CF3-B79C-4B82-8272-AEA6449A71D4}"
EndProject
Project("{2150E333-8FDC-42A3-9474-1A3956D46DE8}") = "Solution Task", "Solution Task", "{BAC9A420-5BF5-4D1D-8C16-0389BB71D05A}"
	ProjectSection(SolutionItems) = preProject
		Advanced9第七次homework.txt = Advanced9第七次homework.txt
		Advanced9第六次homework.txt = Advanced9第六次homework.txt
		说明文档.txt = 说明文档.txt
	EndProjectSection
EndProject
Project("{FAE04EC0-301F-11D3-BF4B-00C04F79EFBC}") = "Homework6.Model", "Homework6.Model\Homework6.Model.csproj", "{BE89BC4A-26EC-4648-951C-F21B9B3FC835}"
EndProject
Project("{FAE04EC0-301F-11D3-BF4B-00C04F79EFBC}") = "Homework6.Common", "Homework6.Common\Homework6.Common.csproj", "{19ED0547-CB5C-46E8-8F73-EC01CFB230F7}"
EndProject
Project("{FAE04EC0-301F-11D3-BF4B-00C04F79EFBC}") = "Homework6.IService", "Homework6.IService\Homework6.IService.csproj", "{D677E5C3-9196-4DDF-9E88-34DD73824C71}"
EndProject
Project("{FAE04EC0-301F-11D3-BF4B-00C04F79EFBC}") = "Homework6.JD.Service", "Homework6.JD.Service\Homework6.JD.Service.csproj", "{5EFD547E-D4C7-4ED9-96B3-B3E7682F86F8}"
EndProject
Project("{FAE04EC0-301F-11D3-BF4B-00C04F79EFBC}") = "Homework6.IDAL", "Homework6.IDAL\Homework6.IDAL.csproj", "{C9A2DC47-AA65-4910-A64B-CE4107906341}"
EndProject
Project("{FAE04EC0-301F-11D3-BF4B-00C04F79EFBC}") = "Homework6.DAL", "Homework6.DAL\Homework6.DAL.csproj", "{9D142A06-71CE-4BC2-8BCA-FC662631D4F9}"
EndProject
Project("{FAE04EC0-301F-11D3-BF4B-00C04F79EFBC}") = "Homework6.UI", "Homework6.UI\Homework6.UI.csproj", "{F472AE4C-25EE-48D8-83BA-2FB353A9EE90}"
EndProject
Project("{FAE04EC0-301F-11D3-BF4B-00C04F79EFBC}") = "Homework6.Unity", "Homework6.Unity\Homework6.Unity.csproj", "{F259FD92-1584-4A7B-B224-F7F1E23C1FD8}"
EndProject
Project("{FAE04EC0-301F-11D3-BF4B-00C04F79EFBC}") = "Homework6.Lucene.Service", "Homework6.Lucene.Service\Homework6.Lucene.Service.csproj", "{CF0FDED7-314B-4F32-8CC2-6701D5E2A8A8}"
EndProject
Project("{FAE04EC0-301F-11D3-BF4B-00C04F79EFBC}") = "Homework6.Redis.Service", "Homework6.Redis.Service\Homework6.Redis.Service.csproj", "{5A998875-639C-4EE1-A74A-924B8E027BE8}"
EndProject
Global
	GlobalSection(SolutionConfigurationPlatforms) = preSolution
		Debug|Any CPU = Debug|Any CPU
		Release|Any CPU = Release|Any CPU
	EndGlobalSection
	GlobalSection(ProjectConfigurationPlatforms) = postSolution
		{FBC98CF3-B79C-4B82-8272-AEA6449A71D4}.Debug|Any CPU.ActiveCfg = Debug|Any CPU
		{FBC98CF3-B79C-4B82-8272-AEA6449A71D4}.Debug|Any CPU.Build.0 = Debug|Any CPU
		{FBC98CF3-B79C-4B82-8272-AEA6449A71D4}.Release|Any CPU.ActiveCfg = Release|Any CPU
		{FBC98CF3-B79C-4B82-8272-AEA6449A71D4}.Release|Any CPU.Build.0 = Release|Any CPU
		{BE89BC4A-26EC-4648-951C-F21B9B3FC835}.Debug|Any CPU.ActiveCfg = Debug|Any CPU
		{BE89BC4A-26EC-4648-951C-F21B9B3FC835}.Debug|Any CPU.Build.0 = Debug|Any CPU
		{BE89BC4A-26EC-4648-951C-F21B9B3FC835}.Release|Any CPU.ActiveCfg = Release|Any CPU
		{BE89BC4A-26EC-4648-951C-F21B9B3FC835}.Release|Any CPU.Build.0 = Release|Any CPU
		{19ED0547-CB5C-46E8-8F73-EC01CFB230F7}.Debug|Any CPU.ActiveCfg = Debug|Any CPU
		{19ED0547-CB5C-46E8-8F73-EC01CFB230F7}.Debug|Any CPU.Build.0 = Debug|Any CPU
		{19ED0547-CB5C-46E8-8F73-EC01CFB230F7}.Release|Any CPU.ActiveCfg = Release|Any CPU
		{19ED0547-CB5C-46E8-8F73-EC01CFB230F7}.Release|Any CPU.Build.0 = Release|Any CPU
		{D677E5C3-9196-4DDF-9E88-34DD73824C71}.Debug|Any CPU.ActiveCfg = Debug|Any CPU
		{D677E5C3-9196-4DDF-9E88-34DD73824C71}.Debug|Any CPU.Build.0 = Debug|Any CPU
		{D677E5C3-9196-4DDF-9E88-34DD73824C71}.Release|Any CPU.ActiveCfg = Release|Any CPU
		{D677E5C3-9196-4DDF-9E88-34DD73824C71}.Release|Any CPU.Build.0 = Release|Any CPU
		{5EFD547E-D4C7-4ED9-96B3-B3E7682F86F8}.Debug|Any CPU.ActiveCfg = Debug|Any CPU
		{5EFD547E-D4C7-4ED9-96B3-B3E7682F86F8}.Debug|Any CPU.Build.0 = Debug|Any CPU
		{5EFD547E-D4C7-4ED9-96B3-B3E7682F86F8}.Release|Any CPU.ActiveCfg = Release|Any CPU
		{5EFD547E-D4C7-4ED9-96B3-B3E7682F86F8}.Release|Any CPU.Build.0 = Release|Any CPU
		{C9A2DC47-AA65-4910-A64B-CE4107906341}.Debug|Any CPU.ActiveCfg = Debug|Any CPU
		{C9A2DC47-AA65-4910-A64B-CE4107906341}.Debug|Any CPU.Build.0 = Debug|Any CPU
		{C9A2DC47-AA65-4910-A64B-CE4107906341}.Release|Any CPU.ActiveCfg = Release|Any CPU
		{C9A2DC47-AA65-4910-A64B-CE4107906341}.Release|Any CPU.Build.0 = Release|Any CPU
		{9D142A06-71CE-4BC2-8BCA-FC662631D4F9}.Debug|Any CPU.ActiveCfg = Debug|Any CPU
		{9D142A06-71CE-4BC2-8BCA-FC662631D4F9}.Debug|Any CPU.Build.0 = Debug|Any CPU
		{9D142A06-71CE-4BC2-8BCA-FC662631D4F9}.Release|Any CPU.ActiveCfg = Release|Any CPU
		{9D142A06-71CE-4BC2-8BCA-FC662631D4F9}.Release|Any CPU.Build.0 = Release|Any CPU
		{F472AE4C-25EE-48D8-83BA-2FB353A9EE90}.Debug|Any CPU.ActiveCfg = Debug|Any CPU
		{F472AE4C-25EE-48D8-83BA-2FB353A9EE90}.Debug|Any CPU.Build.0 = Debug|Any CPU
		{F472AE4C-25EE-48D8-83BA-2FB353A9EE90}.Release|Any CPU.ActiveCfg = Release|Any CPU
		{F472AE4C-25EE-48D8-83BA-2FB353A9EE90}.Release|Any CPU.Build.0 = Release|Any CPU
		{F259FD92-1584-4A7B-B224-F7F1E23C1FD8}.Debug|Any CPU.ActiveCfg = Debug|Any CPU
		{F259FD92-1584-4A7B-B224-F7F1E23C1FD8}.Debug|Any CPU.Build.0 = Debug|Any CPU
		{F259FD92-1584-4A7B-B224-F7F1E23C1FD8}.Release|Any CPU.ActiveCfg = Release|Any CPU
		{F259FD92-1584-4A7B-B224-F7F1E23C1FD8}.Release|Any CPU.Build.0 = Release|Any CPU
		{CF0FDED7-314B-4F32-8CC2-6701D5E2A8A8}.Debug|Any CPU.ActiveCfg = Debug|Any CPU
		{CF0FDED7-314B-4F32-8CC2-6701D5E2A8A8}.Debug|Any CPU.Build.0 = Debug|Any CPU
		{CF0FDED7-314B-4F32-8CC2-6701D5E2A8A8}.Release|Any CPU.ActiveCfg = Release|Any CPU
		{CF0FDED7-314B-4F32-8CC2-6701D5E2A8A8}.Release|Any CPU.Build.0 = Release|Any CPU
		{5A998875-639C-4EE1-A74A-924B8E027BE8}.Debug|Any CPU.ActiveCfg = Debug|Any CPU
		{5A998875-639C-4EE1-A74A-924B8E027BE8}.Debug|Any CPU.Build.0 = Debug|Any CPU
		{5A998875-639C-4EE1-A74A-924B8E027BE8}.Release|Any CPU.ActiveCfg = Release|Any CPU
		{5A998875-639C-4EE1-A74A-924B8E027BE8}.Release|Any CPU.Build.0 = Release|Any CPU
	EndGlobalSection
	GlobalSection(SolutionProperties) = preSolution
		HideSolutionNode = FALSE
	EndGlobalSection
EndGlobal
